Microsoft Visual Studio Solution File, Format Version 12.00
# Visual Studio Version 17
VisualStudioVersion = 17.5.2.0
MinimumVisualStudioVersion = 10.0.40219.1
Project("{FAE04EC0-301F-11D3-BF4B-00C04F79EFBC}") = "TP07_Feldman-Patejim-Grinstein", "TP07_Feldman-Patejim-Grinstein.csproj", "{D78D9CB7-1E48-BA47-6B28-7E62BE11DEDA}"
EndProject
Global
	GlobalSection(SolutionConfigurationPlatforms) = preSolution
		Debug|Any CPU = Debug|Any CPU
		Release|Any CPU = Release|Any CPU
	EndGlobalSection
	GlobalSection(ProjectConfigurationPlatforms) = postSolution
		{D78D9CB7-1E48-BA47-6B28-7E62BE11DEDA}.Debug|Any CPU.ActiveCfg = Debug|Any CPU
		{D78D9CB7-1E48-BA47-6B28-7E62BE11DEDA}.Debug|Any CPU.Build.0 = Debug|Any CPU
		{D78D9CB7-1E48-BA47-6B28-7E62BE11DEDA}.Release|Any CPU.ActiveCfg = Release|Any CPU
		{D78D9CB7-1E48-BA47-6B28-7E62BE11DEDA}.Release|Any CPU.Build.0 = Release|Any CPU
	EndGlobalSection
	GlobalSection(SolutionProperties) = preSolution
		HideSolutionNode = FALSE
	EndGlobalSection
	GlobalSection(ExtensibilityGlobals) = postSolution
		SolutionGuid = {E592DCBA-7FDD-488B-A70A-34C99E200C71}
	EndGlobalSection
EndGlobal
